github.com/Maki-Daisuke/go-filiq v0.4.0 h1:3EDRkfVKlW4qhdvd76gbiR9T8yikv1ys6AwB/OLmtv4=
github.com/Maki-Daisuke/go-filiq v0.4.0/go.mod h1:nvvcSzfzgmZ223TBQjD4mmkLDhYrJzXzc09w2rC1WEE=
github.com/caarlos0/env/v11 v11.3.1 h1:cArPWC15hWmEt+gWk7YBi7lEXTXCvpaSdCiZE2X5mCA=
github.com/caarlos0/env/v11 v11.3.1/go.mod h1:qupehSf/Y0TUTsxKywqRt/vJjN5nz6vauiYEUUr8P4U=
github.com/orcaman/concurrent-map/v2 v2.0.1 h1:jOJ5Pg2w1oeB6PeDurIYf6k9PQ+aTITr/6lP/L/zp6c=
github.com/orcaman/concurrent-map/v2 v2.0.1/go.mod h1:9Eq3TG2oBe5FirmYWQfYO5iH1q0Jv47PLaNK++uCdOM=
